
Microsoft Visual Studio Solution File, Format Version 12.00
# Visual Studio Version 17
VisualStudioVersion = 17.11.35312.102
MinimumVisualStudioVersion = 10.0.40219.1
Project("{FAE04EC0-301F-11D3-BF4B-00C04F79EFBC}") = "Panel C#", "Panel C#\Panel C#.csproj", "{66F8ED66-B736-432C-AA67-06145BF410A5}"
EndProject
Global
	GlobalSection(SolutionConfigurationPlatforms) = preSolution
		Debug|Any CPU = Debug|Any CPU
		Release|Any CPU = Release|Any CPU
	EndGlobalSection
	GlobalSection(ProjectConfigurationPlatforms) = postSolution
		{66F8ED66-B736-432C-AA67-06145BF410A5}.Debug|Any CPU.ActiveCfg = Debug|Any CPU
		{66F8ED66-B736-432C-AA67-06145BF410A5}.Debug|Any CPU.Build.0 = Debug|Any CPU
		{66F8ED66-B736-432C-AA67-06145BF410A5}.Release|Any CPU.ActiveCfg = Release|Any CPU
		{66F8ED66-B736-432C-AA67-06145BF410A5}.Release|Any CPU.Build.0 = Release|Any CPU
	EndGlobalSection
	GlobalSection(SolutionProperties) = preSolution
		HideSolutionNode = FALSE
	EndGlobalSection
	GlobalSection(ExtensibilityGlobals) = postSolution
		SolutionGuid = {3DC0A6E7-C114-45C1-8A03-52642D9F8263}
	EndGlobalSection
EndGlobal
